
Microsoft Visual Studio Solution File, Format Version 12.00
# Visual Studio Version 16
VisualStudioVersion = 16.0.30413.136
MinimumVisualStudioVersion = 10.0.40219.1
Project("{FAE04EC0-301F-11D3-BF4B-00C04F79EFBC}") = "Semana06", "Semana06\Semana06.csproj", "{FAFA3EF4-D7C7-4E48-AD28-8E4C222C9228}"
EndProject
Global
	GlobalSection(SolutionConfigurationPlatforms) = preSolution
		Debug|Any CPU = Debug|Any CPU
		Release|Any CPU = Release|Any CPU
	EndGlobalSection
	GlobalSection(ProjectConfigurationPlatforms) = postSolution
		{FAFA3EF4-D7C7-4E48-AD28-8E4C222C9228}.Debug|Any CPU.ActiveCfg = Debug|Any CPU
		{FAFA3EF4-D7C7-4E48-AD28-8E4C222C9228}.Debug|Any CPU.Build.0 = Debug|Any CPU
		{FAFA3EF4-D7C7-4E48-AD28-8E4C222C9228}.Release|Any CPU.ActiveCfg = Release|Any CPU
		{FAFA3EF4-D7C7-4E48-AD28-8E4C222C9228}.Release|Any CPU.Build.0 = Release|Any CPU
	EndGlobalSection
	GlobalSection(SolutionProperties) = preSolution
		HideSolutionNode = FALSE
	EndGlobalSection
	GlobalSection(ExtensibilityGlobals) = postSolution
		SolutionGuid = {D576E0FC-06CB-4A7E-9D79-4B9A81EE7E1C}
	EndGlobalSection
EndGlobal
